
Microsoft Visual Studio Solution File, Format Version 12.00
# Visual Studio Version 17
VisualStudioVersion = 17.5.002.0
MinimumVisualStudioVersion = 10.0.40219.1
Project("{9A19103F-16F7-4668-BE54-9A1E7A4F7556}") = "MyDotNetApp", "MyDotNetApp\MyDotNetApp.csproj", "{2F9451A5-7C99-4D7C-B77C-8FBA4545F672}"
EndProject
Global
	GlobalSection(SolutionConfigurationPlatforms) = preSolution
		Debug|Any CPU = Debug|Any CPU
		Release|Any CPU = Release|Any CPU
	EndGlobalSection
	GlobalSection(ProjectConfigurationPlatforms) = postSolution
		{2F9451A5-7C99-4D7C-B77C-8FBA4545F672}.Debug|Any CPU.ActiveCfg = Debug|Any CPU
		{2F9451A5-7C99-4D7C-B77C-8FBA4545F672}.Debug|Any CPU.Build.0 = Debug|Any CPU
		{2F9451A5-7C99-4D7C-B77C-8FBA4545F672}.Release|Any CPU.ActiveCfg = Release|Any CPU
		{2F9451A5-7C99-4D7C-B77C-8FBA4545F672}.Release|Any CPU.Build.0 = Release|Any CPU
	EndGlobalSection
	GlobalSection(SolutionProperties) = preSolution
		HideSolutionNode = FALSE
	EndGlobalSection
	GlobalSection(ExtensibilityGlobals) = postSolution
		SolutionGuid = {A64A212E-0559-4702-8E72-70EC1965A6B9}
	EndGlobalSection
EndGlobal
